
Microsoft Visual Studio Solution File, Format Version 12.00
# Visual Studio Version 17
VisualStudioVersion = 17.10.35122.118
MinimumVisualStudioVersion = 10.0.40219.1
Project("{FAE04EC0-301F-11D3-BF4B-00C04F79EFBC}") = "ORM_CRUD", "ORM_CRUD\ORM_CRUD.csproj", "{A9744EFF-A13A-408F-B85D-92B531BEDD27}"
EndProject
Global
	GlobalSection(SolutionConfigurationPlatforms) = preSolution
		Debug|Any CPU = Debug|Any CPU
		Release|Any CPU = Release|Any CPU
	EndGlobalSection
	GlobalSection(ProjectConfigurationPlatforms) = postSolution
		{A9744EFF-A13A-408F-B85D-92B531BEDD27}.Debug|Any CPU.ActiveCfg = Debug|Any CPU
		{A9744EFF-A13A-408F-B85D-92B531BEDD27}.Debug|Any CPU.Build.0 = Debug|Any CPU
		{A9744EFF-A13A-408F-B85D-92B531BEDD27}.Release|Any CPU.ActiveCfg = Release|Any CPU
		{A9744EFF-A13A-408F-B85D-92B531BEDD27}.Release|Any CPU.Build.0 = Release|Any CPU
	EndGlobalSection
	GlobalSection(SolutionProperties) = preSolution
		HideSolutionNode = FALSE
	EndGlobalSection
	GlobalSection(ExtensibilityGlobals) = postSolution
		SolutionGuid = {2E843577-CA4C-48D4-A921-B7572F644C80}
	EndGlobalSection
EndGlobal
